{"format_version":"1.0","provider_schemas":{"registry.terraform.io/trozz/pocketid":{"provider":{"version":0,"block":{"attributes":{"api_token":{"type":"string","description":"API token for authentication. Can also be set via POCKETID_API_TOKEN environment variable.","description_kind":"plain","optional":true,"sensitive":true},"base_url":{"type":"string","description":"Base URL of the Pocket-ID instance. Can also be set via POCKETID_BASE_URL environment variable.","description_kind":"plain","optional":true},"skip_tls_verify":{"type":"bool","description":"Skip TLS certificate verification. Default is false. Only use this for development/testing.","description_kind":"plain","optional":true},"timeout":{"type":"number","description":"HTTP client timeout in seconds. Default is 30.","description_kind":"plain","optional":true}},"description":"Interact with Pocket-ID OIDC provider. Pocket-ID is a simple and easy-to-use OIDC provider that allows users to authenticate with their passkeys to your services.","description_kind":"plain"}},"resource_schemas":{"pocketid_client":{"version":0,"block":{"attributes":{"allowed_user_groups":{"type":["list","string"],"description":"List of user group IDs that are allowed to use this client. If empty, all users can use this client.","description_kind":"plain","optional":true},"callback_urls":{"type":["list","string"],"description":"List of allowed callback URLs for the OIDC client.","description_kind":"plain","required":true},"client_secret":{"type":"string","description":"The client secret. Only available during resource creation for non-public clients.","description_kind":"plain","computed":true,"sensitive":true},"has_logo":{"type":"bool","description":"Whether the client has a logo configured.","description_kind":"plain","computed":true},"id":{"type":"string","description":"The ID of the OIDC client.","description_kind":"plain","computed":true},"is_public":{"type":"bool","description":"Whether this is a public client (no client secret). Defaults to false.","description_kind":"plain","optional":true,"computed":true},"logout_callback_urls":{"type":["list","string"],"description":"List of allowed logout callback URLs for the OIDC client.","description_kind":"plain","optional":true},"name":{"type":"string","description":"The display name of the OIDC client.","description_kind":"plain","required":true},"pkce_enabled":{"type":"bool","description":"Whether PKCE is enabled for this client. Defaults to true.","description_kind":"plain","optional":true,"computed":true}},"description":"Manages an OIDC client in Pocket-ID. OIDC clients are applications that can authenticate users through Pocket-ID.\n\n~\u003e **Note** The client secret is only available during resource creation and cannot be retrieved later. Store it securely.","description_kind":"markdown"}},"pocketid_group":{"version":0,"block":{"attributes":{"friendly_name":{"type":"string","description":"The friendly display name of the user group.","description_kind":"plain","required":true},"id":{"type":"string","description":"The ID of the user group.","description_kind":"plain","computed":true},"name":{"type":"string","description":"The unique name identifier of the user group. This is used as the technical identifier and will be included in tokens.","description_kind":"markdown","required":true}},"description":"Manages a user group in Pocket-ID. Groups can be used to organize users and control access to OIDC clients.","description_kind":"markdown"}},"pocketid_user":{"version":0,"block":{"attributes":{"disabled":{"type":"bool","description":"Whether the user account is disabled. Defaults to false.","description_kind":"plain","optional":true,"computed":true},"email":{"type":"string","description":"The email address of the user.","description_kind":"plain","required":true},"first_name":{"type":"string","description":"The first name of the user.","description_kind":"plain","optional":true},"groups":{"type":["set","string"],"description":"List of group IDs the user belongs to.","description_kind":"plain","optional":true},"id":{"type":"string","description":"The ID of the user.","description_kind":"plain","computed":true},"is_admin":{"type":"bool","description":"Whether the user has administrator privileges. Defaults to false.","description_kind":"plain","optional":true,"computed":true},"last_name":{"type":"string","description":"The last name of the user.","description_kind":"plain","optional":true},"locale":{"type":"string","description":"The locale preference for the user (e.g., 'en', 'fr').","description_kind":"plain","optional":true},"username":{"type":"string","description":"The username for the user. Must be unique.","description_kind":"plain","required":true}},"description":"Manages a user in Pocket-ID.\n\n~\u003e **Important** Users must complete passkey registration through the Pocket-ID web interface. This resource only creates the user account; authentication setup must be done separately.","description_kind":"markdown"}}},"data_source_schemas":{"pocketid_client":{"version":0,"block":{"attributes":{"allowed_user_groups":{"type":["list","string"],"description":"List of user group IDs that are allowed to use this client.","description_kind":"plain","computed":true},"callback_urls":{"type":["list","string"],"description":"List of allowed callback URLs for the OIDC client.","description_kind":"plain","computed":true},"has_logo":{"type":"bool","description":"Whether the client has a logo configured.","description_kind":"plain","computed":true},"id":{"type":"string","description":"The ID of the OIDC client to fetch.","description_kind":"markdown","required":true},"is_public":{"type":"bool","description":"Whether this is a public client (no client secret).","description_kind":"plain","computed":true},"logout_callback_urls":{"type":["list","string"],"description":"List of allowed logout callback URLs for the OIDC client.","description_kind":"plain","computed":true},"name":{"type":"string","description":"The display name of the OIDC client.","description_kind":"plain","computed":true},"pkce_enabled":{"type":"bool","description":"Whether PKCE is enabled for this client.","description_kind":"plain","computed":true}},"description":"Fetches an OIDC client from Pocket-ID by its ID.","description_kind":"markdown"}},"pocketid_clients":{"version":0,"block":{"attributes":{"clients":{"nested_type":{"attributes":{"allowed_user_groups":{"type":["list","string"],"description":"List of user group IDs that are allowed to use this client.","description_kind":"plain","computed":true},"callback_urls":{"type":["list","string"],"description":"List of allowed callback URLs for the OIDC client.","description_kind":"plain","computed":true},"has_logo":{"type":"bool","description":"Whether the client has a logo configured.","description_kind":"plain","computed":true},"id":{"type":"string","description":"The ID of the OIDC client.","description_kind":"plain","computed":true},"is_public":{"type":"bool","description":"Whether this is a public client (no client secret).","description_kind":"plain","computed":true},"logout_callback_urls":{"type":["list","string"],"description":"List of allowed logout callback URLs for the OIDC client.","description_kind":"plain","computed":true},"name":{"type":"string","description":"The display name of the OIDC client.","description_kind":"plain","computed":true},"pkce_enabled":{"type":"bool","description":"Whether PKCE is enabled for this client.","description_kind":"plain","computed":true}},"nesting_mode":"list"},"description":"List of all OIDC clients.","description_kind":"plain","computed":true}},"description":"Fetches all OIDC clients from Pocket-ID.","description_kind":"markdown"}},"pocketid_user":{"version":0,"block":{"attributes":{"disabled":{"type":"bool","description":"Whether the user account is disabled.","description_kind":"plain","computed":true},"email":{"type":"string","description":"The email address of the user.","description_kind":"plain","computed":true},"first_name":{"type":"string","description":"The first name of the user.","description_kind":"plain","computed":true},"groups":{"type":["set","string"],"description":"List of group IDs the user belongs to.","description_kind":"plain","computed":true},"id":{"type":"string","description":"The ID of the user to fetch.","description_kind":"markdown","required":true},"is_admin":{"type":"bool","description":"Whether the user has administrator privileges.","description_kind":"plain","computed":true},"last_name":{"type":"string","description":"The last name of the user.","description_kind":"plain","computed":true},"locale":{"type":"string","description":"The locale preference for the user.","description_kind":"plain","computed":true},"username":{"type":"string","description":"The username of the user.","description_kind":"plain","computed":true}},"description":"Fetches a user from Pocket-ID by their ID.","description_kind":"markdown"}},"pocketid_users":{"version":0,"block":{"attributes":{"users":{"nested_type":{"attributes":{"disabled":{"type":"bool","description":"Whether the user account is disabled.","description_kind":"plain","computed":true},"email":{"type":"string","description":"The email address of the user.","description_kind":"plain","computed":true},"first_name":{"type":"string","description":"The first name of the user.","description_kind":"plain","computed":true},"groups":{"type":["set","string"],"description":"List of group IDs the user belongs to.","description_kind":"plain","computed":true},"id":{"type":"string","description":"The ID of the user.","description_kind":"plain","computed":true},"is_admin":{"type":"bool","description":"Whether the user has administrator privileges.","description_kind":"plain","computed":true},"last_name":{"type":"string","description":"The last name of the user.","description_kind":"plain","computed":true},"locale":{"type":"string","description":"The locale preference for the user.","description_kind":"plain","computed":true},"username":{"type":"string","description":"The username of the user.","description_kind":"plain","computed":true}},"nesting_mode":"list"},"description":"List of all users.","description_kind":"plain","computed":true}},"description":"Fetches all users from Pocket-ID.","description_kind":"markdown"}}}}}}
